{
  "version": 4,
  "terraform_version": "0.12.28",
  "serial": 76,
  "lineage": "ec744130-05cf-fd69-6207-24f8aa5b15bf",
  "outputs": {},
  "resources": [
    {
      "mode": "data",
      "type": "template_file",
      "name": "initapp",
      "provider": "provider.template",
      "instances": [
        {
          "schema_version": 0,
          "attributes": {
            "filename": null,
            "id": "8b85ce29c247064fd22bd05cfc2a62aaa89ff4185d2317f63e06ec0c0939869f",
            "rendered": "#!/bin/bash\r\n\r\nsudo systemctl restart nginx\r\ncd /home/ubuntu/app\r\nexport DB_HOST=mongodb://34.255.6.169:27017/posts\r\nnode seeds/seed.js\r\nforever stopall\r\nforever start app.js\r\n",
            "template": "#!/bin/bash\r\n\r\nsudo systemctl restart nginx\r\ncd /home/ubuntu/app\r\nexport DB_HOST=${db_host}\r\nnode seeds/seed.js\r\nforever stopall\r\nforever start app.js\r\n",
            "vars": {
              "db_host": "mongodb://34.255.6.169:27017/posts"
            }
          }
        }
      ]
    },
    {
      "mode": "data",
      "type": "template_file",
      "name": "initdb",
      "provider": "provider.template",
      "instances": [
        {
          "schema_version": 0,
          "attributes": {
            "filename": null,
            "id": "05f9fdac99898f9398c8d315f0dfd57b0da8a27072cb68d7c82056805713b214",
            "rendered": "#!/bin/bash\r\n\r\nwget -qO - https://www.mongodb.org/static/pgp/server-3.2.asc | sudo apt-key add -\r\necho \"deb http://repo.mongodb.org/apt/ubuntu xenial/mongodb-org/3.2 multiverse\" | sudo tee /etc/apt/sources.list.d/mongodb-org-3.2.list\r\n\r\nsudo apt-get update -y\r\n\r\nsudo apt-get install -y mongodb-org=3.2.20 mongodb-org-server=3.2.20 mongodb-org-shell=3.2.20 mongodb-org-mongos=3.2.20 mongodb-org-tools=3.2.20\r\n\r\nsudo service mongod start\r\nsudo systemctl enable mongod.service\r\nsudo sed -i \"s,\\\\(^[[:blank:]]*bindIp:\\\\) .*,\\\\1 0.0.0.0,\" /etc/mongod.conf\r\n\r\n\r\n\r\nsudo service mongod restart\r\nsudo systemctl enable mongod.service\r\n",
            "template": "#!/bin/bash\r\n\r\nwget -qO - https://www.mongodb.org/static/pgp/server-3.2.asc | sudo apt-key add -\r\necho \"deb http://repo.mongodb.org/apt/ubuntu xenial/mongodb-org/3.2 multiverse\" | sudo tee /etc/apt/sources.list.d/mongodb-org-3.2.list\r\n\r\nsudo apt-get update -y\r\n\r\nsudo apt-get install -y mongodb-org=3.2.20 mongodb-org-server=3.2.20 mongodb-org-shell=3.2.20 mongodb-org-mongos=3.2.20 mongodb-org-tools=3.2.20\r\n\r\nsudo service mongod start\r\nsudo systemctl enable mongod.service\r\nsudo sed -i \"s,\\\\(^[[:blank:]]*bindIp:\\\\) .*,\\\\1 0.0.0.0,\" /etc/mongod.conf\r\n\r\n\r\n\r\nsudo service mongod restart\r\nsudo systemctl enable mongod.service\r\n",
            "vars": null
          }
        }
      ]
    },
    {
      "mode": "managed",
      "type": "aws_instance",
      "name": "Db",
      "provider": "provider.aws",
      "instances": [
        {
          "schema_version": 1,
          "attributes": {
            "ami": "ami-008320af74136c628",
            "arn": "arn:aws:ec2:eu-west-1:135928476890:instance/i-0a7f93c6f8f4072a4",
            "associate_public_ip_address": true,
            "availability_zone": "eu-west-1a",
            "cpu_core_count": 1,
            "cpu_threads_per_core": 1,
            "credit_specification": [
              {
                "cpu_credits": "standard"
              }
            ],
            "disable_api_termination": false,
            "ebs_block_device": [],
            "ebs_optimized": false,
            "ephemeral_block_device": [],
            "get_password_data": false,
            "hibernation": false,
            "host_id": null,
            "iam_instance_profile": "",
            "id": "i-0a7f93c6f8f4072a4",
            "instance_initiated_shutdown_behavior": null,
            "instance_state": "running",
            "instance_type": "t2.micro",
            "ipv6_address_count": 0,
            "ipv6_addresses": [],
            "key_name": "",
            "metadata_options": [
              {
                "http_endpoint": "enabled",
                "http_put_response_hop_limit": 1,
                "http_tokens": "optional"
              }
            ],
            "monitoring": false,
            "network_interface": [],
            "network_interface_id": null,
            "outpost_arn": "",
            "password_data": "",
            "placement_group": "",
            "primary_network_interface_id": "eni-0d561f9c6abf8a5f5",
            "private_dns": "ip-96-0-2-155.eu-west-1.compute.internal",
            "private_ip": "96.0.2.155",
            "public_dns": "",
            "public_ip": "34.255.6.169",
            "root_block_device": [
              {
                "delete_on_termination": true,
                "device_name": "/dev/sda1",
                "encrypted": false,
                "iops": 100,
                "kms_key_id": "",
                "volume_id": "vol-0e63e4f32a4c35c9f",
                "volume_size": 8,
                "volume_type": "gp2"
              }
            ],
            "security_groups": [],
            "source_dest_check": true,
            "subnet_id": "subnet-08c487145c033a586",
            "tags": {
              "Name": "Eng57.Ryan.S.tf.DB"
            },
            "tenancy": "default",
            "timeouts": null,
            "user_data": "3ae73425e5b76ade27f4e1236eb1b826f99a9db3",
            "user_data_base64": null,
            "volume_tags": {},
            "vpc_security_group_ids": [
              "sg-066ab3f1d479fdee6"
            ]
          },
          "private": "eyJlMmJmYjczMC1lY2FhLTExZTYtOGY4OC0zNDM2M2JjN2M0YzAiOnsiY3JlYXRlIjo2MDAwMDAwMDAwMDAsImRlbGV0ZSI6MTIwMDAwMDAwMDAwMCwidXBkYXRlIjo2MDAwMDAwMDAwMDB9LCJzY2hlbWFfdmVyc2lvbiI6IjEifQ==",
          "dependencies": [
            "aws_security_group.db",
            "aws_subnet.private",
            "aws_vpc.main"
          ]
        }
      ]
    },
    {
      "mode": "managed",
      "type": "aws_instance",
      "name": "Web",
      "provider": "provider.aws",
      "instances": [
        {
          "schema_version": 1,
          "attributes": {
            "ami": "ami-06ab65ef16db3ae5f",
            "arn": "arn:aws:ec2:eu-west-1:135928476890:instance/i-0bb07d01e8316fc3d",
            "associate_public_ip_address": true,
            "availability_zone": "eu-west-1a",
            "cpu_core_count": 1,
            "cpu_threads_per_core": 1,
            "credit_specification": [
              {
                "cpu_credits": "standard"
              }
            ],
            "disable_api_termination": false,
            "ebs_block_device": [],
            "ebs_optimized": false,
            "ephemeral_block_device": [],
            "get_password_data": false,
            "hibernation": false,
            "host_id": null,
            "iam_instance_profile": "",
            "id": "i-0bb07d01e8316fc3d",
            "instance_initiated_shutdown_behavior": null,
            "instance_state": "running",
            "instance_type": "t2.micro",
            "ipv6_address_count": 0,
            "ipv6_addresses": [],
            "key_name": "",
            "metadata_options": [
              {
                "http_endpoint": "enabled",
                "http_put_response_hop_limit": 1,
                "http_tokens": "optional"
              }
            ],
            "monitoring": false,
            "network_interface": [],
            "network_interface_id": null,
            "outpost_arn": "",
            "password_data": "",
            "placement_group": "",
            "primary_network_interface_id": "eni-0a7ef3aaa688a6e42",
            "private_dns": "ip-96-0-1-170.eu-west-1.compute.internal",
            "private_ip": "96.0.1.170",
            "public_dns": "",
            "public_ip": "54.154.199.176",
            "root_block_device": [
              {
                "delete_on_termination": true,
                "device_name": "/dev/sda1",
                "encrypted": false,
                "iops": 100,
                "kms_key_id": "",
                "volume_id": "vol-0d477371b1109b6e3",
                "volume_size": 8,
                "volume_type": "gp2"
              }
            ],
            "security_groups": [],
            "source_dest_check": true,
            "subnet_id": "subnet-060d9063297f6791c",
            "tags": {
              "Name": "Eng57.Ryan.S.tf.app"
            },
            "tenancy": "default",
            "timeouts": null,
            "user_data": "b677a1860ff26af3d91e3ad1e50de1702bd9f73f",
            "user_data_base64": null,
            "volume_tags": {},
            "vpc_security_group_ids": [
              "sg-08fdc58beb73c2ce6"
            ]
          },
          "private": "eyJlMmJmYjczMC1lY2FhLTExZTYtOGY4OC0zNDM2M2JjN2M0YzAiOnsiY3JlYXRlIjo2MDAwMDAwMDAwMDAsImRlbGV0ZSI6MTIwMDAwMDAwMDAwMCwidXBkYXRlIjo2MDAwMDAwMDAwMDB9LCJzY2hlbWFfdmVyc2lvbiI6IjEifQ==",
          "dependencies": [
            "aws_instance.Db",
            "aws_security_group.db",
            "aws_security_group.webapp",
            "aws_subnet.private",
            "aws_subnet.public",
            "aws_vpc.main"
          ]
        }
      ]
    },
    {
      "mode": "managed",
      "type": "aws_internet_gateway",
      "name": "gw",
      "provider": "provider.aws",
      "instances": [
        {
          "schema_version": 0,
          "attributes": {
            "arn": "arn:aws:ec2:eu-west-1:135928476890:internet-gateway/igw-0eaf378cc36c925f1",
            "id": "igw-0eaf378cc36c925f1",
            "owner_id": "135928476890",
            "tags": {
              "Name": "Eng57.Ryan.S.tf.igw.main"
            },
            "vpc_id": "vpc-0c831d99e752ac022"
          },
          "private": "bnVsbA==",
          "dependencies": [
            "aws_vpc.main"
          ]
        }
      ]
    },
    {
      "mode": "managed",
      "type": "aws_network_acl",
      "name": "private",
      "provider": "provider.aws",
      "instances": [
        {
          "schema_version": 0,
          "attributes": {
            "arn": "arn:aws:ec2:eu-west-1:135928476890:network-acl/acl-012fab250ea52249e",
            "egress": [
              {
                "action": "allow",
                "cidr_block": "0.0.0.0/0",
                "from_port": 1024,
                "icmp_code": null,
                "icmp_type": null,
                "ipv6_cidr_block": "",
                "protocol": "tcp",
                "rule_no": 120,
                "to_port": 65535
              },
              {
                "action": "allow",
                "cidr_block": "0.0.0.0/0",
                "from_port": 443,
                "icmp_code": null,
                "icmp_type": null,
                "ipv6_cidr_block": "",
                "protocol": "tcp",
                "rule_no": 110,
                "to_port": 443
              },
              {
                "action": "allow",
                "cidr_block": "0.0.0.0/0",
                "from_port": 80,
                "icmp_code": null,
                "icmp_type": null,
                "ipv6_cidr_block": "",
                "protocol": "tcp",
                "rule_no": 100,
                "to_port": 80
              }
            ],
            "id": "acl-012fab250ea52249e",
            "ingress": [
              {
                "action": "allow",
                "cidr_block": "0.0.0.0/0",
                "from_port": 1024,
                "icmp_code": null,
                "icmp_type": null,
                "ipv6_cidr_block": "",
                "protocol": "tcp",
                "rule_no": 120,
                "to_port": 65535
              },
              {
                "action": "allow",
                "cidr_block": "96.0.1.0/24",
                "from_port": 27017,
                "icmp_code": null,
                "icmp_type": null,
                "ipv6_cidr_block": "",
                "protocol": "tcp",
                "rule_no": 100,
                "to_port": 27017
              }
            ],
            "owner_id": "135928476890",
            "subnet_id": null,
            "subnet_ids": [
              "subnet-08c487145c033a586"
            ],
            "tags": {
              "Name": "Eng57.Ryan.S.tf.Nacl.private"
            },
            "vpc_id": "vpc-0c831d99e752ac022"
          },
          "private": "bnVsbA==",
          "dependencies": [
            "aws_subnet.private",
            "aws_vpc.main"
          ]
        }
      ]
    },
    {
      "mode": "managed",
      "type": "aws_network_acl",
      "name": "public",
      "provider": "provider.aws",
      "instances": [
        {
          "schema_version": 0,
          "attributes": {
            "arn": "arn:aws:ec2:eu-west-1:135928476890:network-acl/acl-0e886c34d5340e4be",
            "egress": [
              {
                "action": "allow",
                "cidr_block": "0.0.0.0/0",
                "from_port": 1024,
                "icmp_code": null,
                "icmp_type": null,
                "ipv6_cidr_block": "",
                "protocol": "tcp",
                "rule_no": 120,
                "to_port": 65535
              },
              {
                "action": "allow",
                "cidr_block": "0.0.0.0/0",
                "from_port": 80,
                "icmp_code": null,
                "icmp_type": null,
                "ipv6_cidr_block": "",
                "protocol": "tcp",
                "rule_no": 100,
                "to_port": 80
              }
            ],
            "id": "acl-0e886c34d5340e4be",
            "ingress": [
              {
                "action": "allow",
                "cidr_block": "0.0.0.0/0",
                "from_port": 1024,
                "icmp_code": null,
                "icmp_type": null,
                "ipv6_cidr_block": "",
                "protocol": "tcp",
                "rule_no": 120,
                "to_port": 65535
              },
              {
                "action": "allow",
                "cidr_block": "0.0.0.0/0",
                "from_port": 80,
                "icmp_code": null,
                "icmp_type": null,
                "ipv6_cidr_block": "",
                "protocol": "tcp",
                "rule_no": 100,
                "to_port": 80
              }
            ],
            "owner_id": "135928476890",
            "subnet_id": null,
            "subnet_ids": [
              "subnet-060d9063297f6791c"
            ],
            "tags": {
              "Name": "Eng57.Ryan.S.tf.Nacl.public"
            },
            "vpc_id": "vpc-0c831d99e752ac022"
          },
          "private": "bnVsbA==",
          "dependencies": [
            "aws_subnet.public",
            "aws_vpc.main"
          ]
        }
      ]
    },
    {
      "mode": "managed",
      "type": "aws_route_table",
      "name": "private",
      "provider": "provider.aws",
      "instances": [
        {
          "schema_version": 0,
          "attributes": {
            "id": "rtb-0008fa74ab19ce89c",
            "owner_id": "135928476890",
            "propagating_vgws": [],
            "route": [
              {
                "cidr_block": "0.0.0.0/0",
                "egress_only_gateway_id": "",
                "gateway_id": "igw-0eaf378cc36c925f1",
                "instance_id": "",
                "ipv6_cidr_block": "",
                "nat_gateway_id": "",
                "network_interface_id": "",
                "transit_gateway_id": "",
                "vpc_peering_connection_id": ""
              }
            ],
            "tags": {
              "Name": "Eng57.Ryan.S.tf.Route.private"
            },
            "vpc_id": "vpc-0c831d99e752ac022"
          },
          "private": "bnVsbA==",
          "dependencies": [
            "aws_internet_gateway.gw",
            "aws_vpc.main"
          ]
        }
      ]
    },
    {
      "mode": "managed",
      "type": "aws_route_table",
      "name": "public",
      "provider": "provider.aws",
      "instances": [
        {
          "schema_version": 0,
          "attributes": {
            "id": "rtb-0818588d944409319",
            "owner_id": "135928476890",
            "propagating_vgws": [],
            "route": [
              {
                "cidr_block": "0.0.0.0/0",
                "egress_only_gateway_id": "",
                "gateway_id": "igw-0eaf378cc36c925f1",
                "instance_id": "",
                "ipv6_cidr_block": "",
                "nat_gateway_id": "",
                "network_interface_id": "",
                "transit_gateway_id": "",
                "vpc_peering_connection_id": ""
              }
            ],
            "tags": {
              "Name": "Eng57.Ryan.S.tf.Route.public"
            },
            "vpc_id": "vpc-0c831d99e752ac022"
          },
          "private": "bnVsbA==",
          "dependencies": [
            "aws_internet_gateway.gw",
            "aws_vpc.main"
          ]
        }
      ]
    },
    {
      "mode": "managed",
      "type": "aws_route_table_association",
      "name": "routeapp",
      "provider": "provider.aws",
      "instances": [
        {
          "schema_version": 0,
          "attributes": {
            "gateway_id": null,
            "id": "rtbassoc-0e7247ccfeb971118",
            "route_table_id": "rtb-0818588d944409319",
            "subnet_id": "subnet-060d9063297f6791c"
          },
          "private": "bnVsbA==",
          "dependencies": [
            "aws_internet_gateway.gw",
            "aws_route_table.public",
            "aws_subnet.public",
            "aws_vpc.main"
          ]
        }
      ]
    },
    {
      "mode": "managed",
      "type": "aws_route_table_association",
      "name": "routedb",
      "provider": "provider.aws",
      "instances": [
        {
          "schema_version": 0,
          "attributes": {
            "gateway_id": null,
            "id": "rtbassoc-0b1202a00b07002e1",
            "route_table_id": "rtb-0008fa74ab19ce89c",
            "subnet_id": "subnet-08c487145c033a586"
          },
          "private": "bnVsbA==",
          "dependencies": [
            "aws_internet_gateway.gw",
            "aws_route_table.private",
            "aws_subnet.private",
            "aws_vpc.main"
          ]
        }
      ]
    },
    {
      "mode": "managed",
      "type": "aws_security_group",
      "name": "db",
      "provider": "provider.aws",
      "instances": [
        {
          "schema_version": 1,
          "attributes": {
            "arn": "arn:aws:ec2:eu-west-1:135928476890:security-group/sg-066ab3f1d479fdee6",
            "description": "Allow Public Subnet In",
            "egress": [
              {
                "cidr_blocks": [
                  "0.0.0.0/0"
                ],
                "description": "",
                "from_port": 0,
                "ipv6_cidr_blocks": [],
                "prefix_list_ids": [],
                "protocol": "-1",
                "security_groups": [],
                "self": false,
                "to_port": 0
              }
            ],
            "id": "sg-066ab3f1d479fdee6",
            "ingress": [
              {
                "cidr_blocks": [
                  "0.0.0.0/0"
                ],
                "description": "HTTP IN",
                "from_port": 80,
                "ipv6_cidr_blocks": [],
                "prefix_list_ids": [],
                "protocol": "tcp",
                "security_groups": [],
                "self": false,
                "to_port": 80
              },
              {
                "cidr_blocks": [
                  "96.0.1.0/24"
                ],
                "description": "Public Sub IN",
                "from_port": 27017,
                "ipv6_cidr_blocks": [],
                "prefix_list_ids": [],
                "protocol": "tcp",
                "security_groups": [],
                "self": false,
                "to_port": 27017
              }
            ],
            "name": "db-security-group",
            "name_prefix": null,
            "owner_id": "135928476890",
            "revoke_rules_on_delete": false,
            "tags": {
              "Name": "Eng57.Ryan.S.tf.SecG.DB"
            },
            "timeouts": null,
            "vpc_id": "vpc-0c831d99e752ac022"
          },
          "private": "eyJlMmJmYjczMC1lY2FhLTExZTYtOGY4OC0zNDM2M2JjN2M0YzAiOnsiY3JlYXRlIjo2MDAwMDAwMDAwMDAsImRlbGV0ZSI6NjAwMDAwMDAwMDAwfSwic2NoZW1hX3ZlcnNpb24iOiIxIn0=",
          "dependencies": [
            "aws_vpc.main"
          ]
        }
      ]
    },
    {
      "mode": "managed",
      "type": "aws_security_group",
      "name": "webapp",
      "provider": "provider.aws",
      "instances": [
        {
          "schema_version": 1,
          "attributes": {
            "arn": "arn:aws:ec2:eu-west-1:135928476890:security-group/sg-08fdc58beb73c2ce6",
            "description": "Allow HTTP and HTTPS Traffic In",
            "egress": [
              {
                "cidr_blocks": [
                  "0.0.0.0/0"
                ],
                "description": "",
                "from_port": 0,
                "ipv6_cidr_blocks": [],
                "prefix_list_ids": [],
                "protocol": "-1",
                "security_groups": [],
                "self": false,
                "to_port": 0
              }
            ],
            "id": "sg-08fdc58beb73c2ce6",
            "ingress": [
              {
                "cidr_blocks": [
                  "0.0.0.0/0"
                ],
                "description": "HTTP IN",
                "from_port": 80,
                "ipv6_cidr_blocks": [],
                "prefix_list_ids": [],
                "protocol": "tcp",
                "security_groups": [],
                "self": false,
                "to_port": 80
              },
              {
                "cidr_blocks": [
                  "0.0.0.0/0"
                ],
                "description": "HTTPS IN",
                "from_port": 443,
                "ipv6_cidr_blocks": [],
                "prefix_list_ids": [],
                "protocol": "tcp",
                "security_groups": [],
                "self": false,
                "to_port": 443
              }
            ],
            "name": "app-security-group",
            "name_prefix": null,
            "owner_id": "135928476890",
            "revoke_rules_on_delete": false,
            "tags": {
              "Name": "Eng57.Ryan.S.tf.SecG.Webapp"
            },
            "timeouts": null,
            "vpc_id": "vpc-0c831d99e752ac022"
          },
          "private": "eyJlMmJmYjczMC1lY2FhLTExZTYtOGY4OC0zNDM2M2JjN2M0YzAiOnsiY3JlYXRlIjo2MDAwMDAwMDAwMDAsImRlbGV0ZSI6NjAwMDAwMDAwMDAwfSwic2NoZW1hX3ZlcnNpb24iOiIxIn0=",
          "dependencies": [
            "aws_vpc.main"
          ]
        }
      ]
    },
    {
      "mode": "managed",
      "type": "aws_subnet",
      "name": "private",
      "provider": "provider.aws",
      "instances": [
        {
          "schema_version": 1,
          "attributes": {
            "arn": "arn:aws:ec2:eu-west-1:135928476890:subnet/subnet-08c487145c033a586",
            "assign_ipv6_address_on_creation": false,
            "availability_zone": "eu-west-1a",
            "availability_zone_id": "euw1-az3",
            "cidr_block": "96.0.2.0/24",
            "id": "subnet-08c487145c033a586",
            "ipv6_cidr_block": "",
            "ipv6_cidr_block_association_id": "",
            "map_public_ip_on_launch": true,
            "outpost_arn": "",
            "owner_id": "135928476890",
            "tags": {
              "Name": "Eng57.Ryan.S.tf.sub.private"
            },
            "timeouts": null,
            "vpc_id": "vpc-0c831d99e752ac022"
          },
          "private": "eyJlMmJmYjczMC1lY2FhLTExZTYtOGY4OC0zNDM2M2JjN2M0YzAiOnsiY3JlYXRlIjo2MDAwMDAwMDAwMDAsImRlbGV0ZSI6MTIwMDAwMDAwMDAwMH0sInNjaGVtYV92ZXJzaW9uIjoiMSJ9",
          "dependencies": [
            "aws_vpc.main"
          ]
        }
      ]
    },
    {
      "mode": "managed",
      "type": "aws_subnet",
      "name": "public",
      "provider": "provider.aws",
      "instances": [
        {
          "schema_version": 1,
          "attributes": {
            "arn": "arn:aws:ec2:eu-west-1:135928476890:subnet/subnet-060d9063297f6791c",
            "assign_ipv6_address_on_creation": false,
            "availability_zone": "eu-west-1a",
            "availability_zone_id": "euw1-az3",
            "cidr_block": "96.0.1.0/24",
            "id": "subnet-060d9063297f6791c",
            "ipv6_cidr_block": "",
            "ipv6_cidr_block_association_id": "",
            "map_public_ip_on_launch": true,
            "outpost_arn": "",
            "owner_id": "135928476890",
            "tags": {
              "Name": "Eng57.Ryan.S.tf.sub.public"
            },
            "timeouts": null,
            "vpc_id": "vpc-0c831d99e752ac022"
          },
          "private": "eyJlMmJmYjczMC1lY2FhLTExZTYtOGY4OC0zNDM2M2JjN2M0YzAiOnsiY3JlYXRlIjo2MDAwMDAwMDAwMDAsImRlbGV0ZSI6MTIwMDAwMDAwMDAwMH0sInNjaGVtYV92ZXJzaW9uIjoiMSJ9",
          "dependencies": [
            "aws_vpc.main"
          ]
        }
      ]
    },
    {
      "mode": "managed",
      "type": "aws_vpc",
      "name": "main",
      "provider": "provider.aws",
      "instances": [
        {
          "schema_version": 1,
          "attributes": {
            "arn": "arn:aws:ec2:eu-west-1:135928476890:vpc/vpc-0c831d99e752ac022",
            "assign_generated_ipv6_cidr_block": false,
            "cidr_block": "96.0.0.0/16",
            "default_network_acl_id": "acl-0f1d908bc822ff3f3",
            "default_route_table_id": "rtb-059020bca7251752a",
            "default_security_group_id": "sg-03d774fbd2b855487",
            "dhcp_options_id": "dopt-18d5d77d",
            "enable_classiclink": false,
            "enable_classiclink_dns_support": false,
            "enable_dns_hostnames": false,
            "enable_dns_support": true,
            "id": "vpc-0c831d99e752ac022",
            "instance_tenancy": "default",
            "ipv6_association_id": "",
            "ipv6_cidr_block": "",
            "main_route_table_id": "rtb-059020bca7251752a",
            "owner_id": "135928476890",
            "tags": {
              "Name": "Eng57.Ryan.S.tf.VPC.Main"
            }
          },
          "private": "eyJzY2hlbWFfdmVyc2lvbiI6IjEifQ=="
        }
      ]
    }
  ]
}
