{
  "version": 4,
  "terraform_version": "0.12.28",
  "serial": 372,
  "lineage": "ec744130-05cf-fd69-6207-24f8aa5b15bf",
  "outputs": {},
  "resources": [
    {
      "mode": "data",
      "type": "template_file",
      "name": "initapp",
      "provider": "provider.template",
      "instances": [
        {
          "schema_version": 0,
          "attributes": {
            "filename": null,
            "id": "6e55f67a5e3c8797b7bc1c424e211241b37fe357b7f816532348f963f5985ca4",
            "rendered": "#!/bin/bash\r\n\r\nsudo systemctl restart nginx\r\ncd /home/ubuntu/app\r\nexport DB_HOST=mongodb://96.0.2.154:27017/posts\r\n. ~/.bashrc\r\nnode seeds/seed.js\r\nforever stopall\r\nforever start app.js\r\n",
            "template": "#!/bin/bash\r\n\r\nsudo systemctl restart nginx\r\ncd /home/ubuntu/app\r\nexport DB_HOST=${db_host}\r\n. ~/.bashrc\r\nnode seeds/seed.js\r\nforever stopall\r\nforever start app.js\r\n",
            "vars": {
              "db_host": "mongodb://96.0.2.154:27017/posts"
            }
          }
        }
      ]
    },
    {
      "module": "module.db",
      "mode": "data",
      "type": "template_file",
      "name": "initdb",
      "provider": "provider.template",
      "instances": [
        {
          "schema_version": 0,
          "attributes": {
            "filename": null,
            "id": "05f9fdac99898f9398c8d315f0dfd57b0da8a27072cb68d7c82056805713b214",
            "rendered": "#!/bin/bash\r\n\r\nwget -qO - https://www.mongodb.org/static/pgp/server-3.2.asc | sudo apt-key add -\r\necho \"deb http://repo.mongodb.org/apt/ubuntu xenial/mongodb-org/3.2 multiverse\" | sudo tee /etc/apt/sources.list.d/mongodb-org-3.2.list\r\n\r\nsudo apt-get update -y\r\n\r\nsudo apt-get install -y mongodb-org=3.2.20 mongodb-org-server=3.2.20 mongodb-org-shell=3.2.20 mongodb-org-mongos=3.2.20 mongodb-org-tools=3.2.20\r\n\r\nsudo service mongod start\r\nsudo systemctl enable mongod.service\r\nsudo sed -i \"s,\\\\(^[[:blank:]]*bindIp:\\\\) .*,\\\\1 0.0.0.0,\" /etc/mongod.conf\r\n\r\n\r\n\r\nsudo service mongod restart\r\nsudo systemctl enable mongod.service\r\n",
            "template": "#!/bin/bash\r\n\r\nwget -qO - https://www.mongodb.org/static/pgp/server-3.2.asc | sudo apt-key add -\r\necho \"deb http://repo.mongodb.org/apt/ubuntu xenial/mongodb-org/3.2 multiverse\" | sudo tee /etc/apt/sources.list.d/mongodb-org-3.2.list\r\n\r\nsudo apt-get update -y\r\n\r\nsudo apt-get install -y mongodb-org=3.2.20 mongodb-org-server=3.2.20 mongodb-org-shell=3.2.20 mongodb-org-mongos=3.2.20 mongodb-org-tools=3.2.20\r\n\r\nsudo service mongod start\r\nsudo systemctl enable mongod.service\r\nsudo sed -i \"s,\\\\(^[[:blank:]]*bindIp:\\\\) .*,\\\\1 0.0.0.0,\" /etc/mongod.conf\r\n\r\n\r\n\r\nsudo service mongod restart\r\nsudo systemctl enable mongod.service\r\n",
            "vars": null
          }
        }
      ]
    },
    {
      "mode": "managed",
      "type": "aws_autoscaling_group",
      "name": "app_auto_scale",
      "provider": "provider.aws",
      "instances": [
        {
          "schema_version": 0,
          "attributes": {
            "arn": "arn:aws:autoscaling:eu-west-1:135928476890:autoScalingGroup:ab48b7f7-c40b-4572-b1bc-104239390aa1:autoScalingGroupName/Ryan_S_auto_scale_app",
            "availability_zones": [
              "eu-west-1a"
            ],
            "default_cooldown": 300,
            "desired_capacity": 2,
            "enabled_metrics": null,
            "force_delete": false,
            "health_check_grace_period": 300,
            "health_check_type": "EC2",
            "id": "Ryan_S_auto_scale_app",
            "initial_lifecycle_hook": [],
            "launch_configuration": "Eng57.Ryan.S.tf.autoscale.app",
            "launch_template": [],
            "load_balancers": [],
            "max_instance_lifetime": 0,
            "max_size": 10,
            "metrics_granularity": "1Minute",
            "min_elb_capacity": null,
            "min_size": 1,
            "mixed_instances_policy": [],
            "name": "Ryan_S_auto_scale_app",
            "name_prefix": null,
            "placement_group": "",
            "protect_from_scale_in": false,
            "service_linked_role_arn": "arn:aws:iam::135928476890:role/aws-service-role/autoscaling.amazonaws.com/AWSServiceRoleForAutoScaling",
            "suspended_processes": null,
            "tag": [
              {
                "key": "auto_scale",
                "propagate_at_launch": true,
                "value": "app"
              }
            ],
            "tags": null,
            "target_group_arns": [
              "arn:aws:elasticloadbalancing:eu-west-1:135928476890:targetgroup/app-target/079871d7b6a93c31"
            ],
            "termination_policies": null,
            "timeouts": null,
            "vpc_zone_identifier": [
              "subnet-0d2ba1e1c6d5b0c2c"
            ],
            "wait_for_capacity_timeout": "10m",
            "wait_for_elb_capacity": null
          },
          "private": "eyJlMmJmYjczMC1lY2FhLTExZTYtOGY4OC0zNDM2M2JjN2M0YzAiOnsiZGVsZXRlIjo2MDAwMDAwMDAwMDB9fQ==",
          "dependencies": [
            "aws_launch_configuration.app_launch_config",
            "aws_lb_target_group.apptarget",
            "aws_vpc.main",
            "module.app.aws_security_group.webapp",
            "module.app.aws_subnet.public",
            "module.db.aws_instance.Db",
            "module.db.aws_security_group.db",
            "module.db.aws_subnet.private"
          ]
        }
      ]
    },
    {
      "module": "module.db",
      "mode": "managed",
      "type": "aws_instance",
      "name": "Db",
      "provider": "provider.aws",
      "instances": [
        {
          "schema_version": 1,
          "attributes": {
            "ami": "ami-008320af74136c628",
            "arn": "arn:aws:ec2:eu-west-1:135928476890:instance/i-04e22893626b5b6eb",
            "associate_public_ip_address": true,
            "availability_zone": "eu-west-1a",
            "cpu_core_count": 1,
            "cpu_threads_per_core": 1,
            "credit_specification": [
              {
                "cpu_credits": "standard"
              }
            ],
            "disable_api_termination": false,
            "ebs_block_device": [],
            "ebs_optimized": false,
            "ephemeral_block_device": [],
            "get_password_data": false,
            "hibernation": false,
            "host_id": null,
            "iam_instance_profile": "",
            "id": "i-04e22893626b5b6eb",
            "instance_initiated_shutdown_behavior": null,
            "instance_state": "running",
            "instance_type": "t2.micro",
            "ipv6_address_count": 0,
            "ipv6_addresses": [],
            "key_name": "",
            "metadata_options": [
              {
                "http_endpoint": "enabled",
                "http_put_response_hop_limit": 1,
                "http_tokens": "optional"
              }
            ],
            "monitoring": false,
            "network_interface": [],
            "network_interface_id": null,
            "outpost_arn": "",
            "password_data": "",
            "placement_group": "",
            "primary_network_interface_id": "eni-092976fe07ce7c437",
            "private_dns": "ip-96-0-2-154.eu-west-1.compute.internal",
            "private_ip": "96.0.2.154",
            "public_dns": "",
            "public_ip": "54.170.183.225",
            "root_block_device": [
              {
                "delete_on_termination": true,
                "device_name": "/dev/sda1",
                "encrypted": false,
                "iops": 100,
                "kms_key_id": "",
                "volume_id": "vol-05331e5c82a435f54",
                "volume_size": 8,
                "volume_type": "gp2"
              }
            ],
            "security_groups": [],
            "source_dest_check": true,
            "subnet_id": "subnet-092ecf9002d4685ad",
            "tags": {
              "Name": "Eng57.Ryan.S.tf.tf.DB"
            },
            "tenancy": "default",
            "timeouts": null,
            "user_data": "3ae73425e5b76ade27f4e1236eb1b826f99a9db3",
            "user_data_base64": null,
            "volume_tags": {},
            "vpc_security_group_ids": [
              "sg-09ad4d71a48a2616c"
            ]
          },
          "private": "eyJlMmJmYjczMC1lY2FhLTExZTYtOGY4OC0zNDM2M2JjN2M0YzAiOnsiY3JlYXRlIjo2MDAwMDAwMDAwMDAsImRlbGV0ZSI6MTIwMDAwMDAwMDAwMCwidXBkYXRlIjo2MDAwMDAwMDAwMDB9LCJzY2hlbWFfdmVyc2lvbiI6IjEifQ==",
          "dependencies": [
            "aws_vpc.main",
            "module.app.aws_security_group.webapp",
            "module.db.aws_security_group.db",
            "module.db.aws_subnet.private"
          ]
        }
      ]
    },
    {
      "module": "module.app",
      "mode": "managed",
      "type": "aws_instance",
      "name": "Web",
      "provider": "provider.aws",
      "instances": [
        {
          "schema_version": 1,
          "attributes": {
            "ami": "ami-06ab65ef16db3ae5f",
            "arn": "arn:aws:ec2:eu-west-1:135928476890:instance/i-0447f8785397de95a",
            "associate_public_ip_address": true,
            "availability_zone": "eu-west-1a",
            "cpu_core_count": 1,
            "cpu_threads_per_core": 1,
            "credit_specification": [
              {
                "cpu_credits": "standard"
              }
            ],
            "disable_api_termination": false,
            "ebs_block_device": [],
            "ebs_optimized": false,
            "ephemeral_block_device": [],
            "get_password_data": false,
            "hibernation": false,
            "host_id": null,
            "iam_instance_profile": "",
            "id": "i-0447f8785397de95a",
            "instance_initiated_shutdown_behavior": null,
            "instance_state": "running",
            "instance_type": "t2.micro",
            "ipv6_address_count": 0,
            "ipv6_addresses": [],
            "key_name": "",
            "metadata_options": [
              {
                "http_endpoint": "enabled",
                "http_put_response_hop_limit": 1,
                "http_tokens": "optional"
              }
            ],
            "monitoring": false,
            "network_interface": [],
            "network_interface_id": null,
            "outpost_arn": "",
            "password_data": "",
            "placement_group": "",
            "primary_network_interface_id": "eni-044abe35118b01eff",
            "private_dns": "ip-96-0-1-148.eu-west-1.compute.internal",
            "private_ip": "96.0.1.148",
            "public_dns": "",
            "public_ip": "54.246.35.97",
            "root_block_device": [
              {
                "delete_on_termination": true,
                "device_name": "/dev/sda1",
                "encrypted": false,
                "iops": 100,
                "kms_key_id": "",
                "volume_id": "vol-01db73b83f0a11edc",
                "volume_size": 8,
                "volume_type": "gp2"
              }
            ],
            "security_groups": [],
            "source_dest_check": true,
            "subnet_id": "subnet-0d2ba1e1c6d5b0c2c",
            "tags": {
              "Name": "Eng57.Ryan.S.tf.tf.app"
            },
            "tenancy": "default",
            "timeouts": null,
            "user_data": "c3ee1d760af5ab21858702f4521220c0adf57cc7",
            "user_data_base64": null,
            "volume_tags": {},
            "vpc_security_group_ids": [
              "sg-060d8a61a5688c6d7"
            ]
          },
          "private": "eyJlMmJmYjczMC1lY2FhLTExZTYtOGY4OC0zNDM2M2JjN2M0YzAiOnsiY3JlYXRlIjo2MDAwMDAwMDAwMDAsImRlbGV0ZSI6MTIwMDAwMDAwMDAwMCwidXBkYXRlIjo2MDAwMDAwMDAwMDB9LCJzY2hlbWFfdmVyc2lvbiI6IjEifQ==",
          "dependencies": [
            "aws_vpc.main",
            "module.app.aws_security_group.webapp",
            "module.app.aws_subnet.public",
            "module.db.aws_instance.Db",
            "module.db.aws_security_group.db",
            "module.db.aws_subnet.private"
          ]
        }
      ]
    },
    {
      "mode": "managed",
      "type": "aws_internet_gateway",
      "name": "gw",
      "provider": "provider.aws",
      "instances": [
        {
          "schema_version": 0,
          "attributes": {
            "arn": "arn:aws:ec2:eu-west-1:135928476890:internet-gateway/igw-0fcb7921cc91269d6",
            "id": "igw-0fcb7921cc91269d6",
            "owner_id": "135928476890",
            "tags": {
              "Name": "Eng57.Ryan.S.tf.igw.main"
            },
            "vpc_id": "vpc-0691fa058d3bf5cc4"
          },
          "private": "bnVsbA==",
          "dependencies": [
            "aws_vpc.main"
          ]
        }
      ]
    },
    {
      "mode": "managed",
      "type": "aws_launch_configuration",
      "name": "app_launch_config",
      "provider": "provider.aws",
      "instances": [
        {
          "schema_version": 0,
          "attributes": {
            "arn": "arn:aws:autoscaling:eu-west-1:135928476890:launchConfiguration:bcd72242-5610-4e2d-a762-ec50300de4fe:launchConfigurationName/Eng57.Ryan.S.tf.autoscale.app",
            "associate_public_ip_address": false,
            "ebs_block_device": [],
            "ebs_optimized": false,
            "enable_monitoring": true,
            "ephemeral_block_device": [],
            "iam_instance_profile": "",
            "id": "Eng57.Ryan.S.tf.autoscale.app",
            "image_id": "ami-06ab65ef16db3ae5f",
            "instance_type": "t2.micro",
            "key_name": "",
            "name": "Eng57.Ryan.S.tf.autoscale.app",
            "name_prefix": null,
            "placement_tenancy": null,
            "root_block_device": [],
            "security_groups": [
              "sg-060d8a61a5688c6d7"
            ],
            "spot_price": "",
            "user_data": "c3ee1d760af5ab21858702f4521220c0adf57cc7",
            "user_data_base64": null,
            "vpc_classic_link_id": "",
            "vpc_classic_link_security_groups": null
          },
          "private": "bnVsbA==",
          "dependencies": [
            "aws_vpc.main",
            "module.app.aws_security_group.webapp",
            "module.db.aws_instance.Db",
            "module.db.aws_security_group.db",
            "module.db.aws_subnet.private"
          ]
        }
      ]
    },
    {
      "mode": "managed",
      "type": "aws_lb",
      "name": "load_bal",
      "provider": "provider.aws",
      "instances": [
        {
          "schema_version": 0,
          "attributes": {
            "access_logs": [
              {
                "bucket": "",
                "enabled": false,
                "prefix": ""
              }
            ],
            "arn": "arn:aws:elasticloadbalancing:eu-west-1:135928476890:loadbalancer/net/Ryan-S-app-elb/c5aa0b75da7b251b",
            "arn_suffix": "net/Ryan-S-app-elb/c5aa0b75da7b251b",
            "dns_name": "Ryan-S-app-elb-c5aa0b75da7b251b.elb.eu-west-1.amazonaws.com",
            "drop_invalid_header_fields": null,
            "enable_cross_zone_load_balancing": false,
            "enable_deletion_protection": false,
            "enable_http2": null,
            "id": "arn:aws:elasticloadbalancing:eu-west-1:135928476890:loadbalancer/net/Ryan-S-app-elb/c5aa0b75da7b251b",
            "idle_timeout": null,
            "internal": false,
            "ip_address_type": "ipv4",
            "load_balancer_type": "network",
            "name": "Ryan-S-app-elb",
            "name_prefix": null,
            "security_groups": [],
            "subnet_mapping": [
              {
                "allocation_id": "",
                "subnet_id": "subnet-0d2ba1e1c6d5b0c2c"
              }
            ],
            "subnets": [
              "subnet-0d2ba1e1c6d5b0c2c"
            ],
            "tags": {
              "Name": "Eng57.Ryan.S.tf.app.lb"
            },
            "timeouts": null,
            "vpc_id": "vpc-0691fa058d3bf5cc4",
            "zone_id": "Z2IFOLAFXWLO4F"
          },
          "private": "eyJlMmJmYjczMC1lY2FhLTExZTYtOGY4OC0zNDM2M2JjN2M0YzAiOnsiY3JlYXRlIjo2MDAwMDAwMDAwMDAsImRlbGV0ZSI6NjAwMDAwMDAwMDAwLCJ1cGRhdGUiOjYwMDAwMDAwMDAwMH19",
          "dependencies": [
            "aws_vpc.main",
            "module.app.aws_subnet.public"
          ]
        }
      ]
    },
    {
      "mode": "managed",
      "type": "aws_lb_listener",
      "name": "app_listener",
      "provider": "provider.aws",
      "instances": [
        {
          "schema_version": 0,
          "attributes": {
            "arn": "arn:aws:elasticloadbalancing:eu-west-1:135928476890:listener/net/Ryan-S-app-elb/c5aa0b75da7b251b/5e070403c47c086a",
            "certificate_arn": null,
            "default_action": [
              {
                "authenticate_cognito": [],
                "authenticate_oidc": [],
                "fixed_response": [],
                "forward": [],
                "order": 1,
                "redirect": [],
                "target_group_arn": "arn:aws:elasticloadbalancing:eu-west-1:135928476890:targetgroup/app-target/079871d7b6a93c31",
                "type": "forward"
              }
            ],
            "id": "arn:aws:elasticloadbalancing:eu-west-1:135928476890:listener/net/Ryan-S-app-elb/c5aa0b75da7b251b/5e070403c47c086a",
            "load_balancer_arn": "arn:aws:elasticloadbalancing:eu-west-1:135928476890:loadbalancer/net/Ryan-S-app-elb/c5aa0b75da7b251b",
            "port": 80,
            "protocol": "TCP",
            "ssl_policy": "",
            "timeouts": null
          },
          "private": "eyJlMmJmYjczMC1lY2FhLTExZTYtOGY4OC0zNDM2M2JjN2M0YzAiOnsicmVhZCI6NjAwMDAwMDAwMDAwfX0=",
          "dependencies": [
            "aws_lb.load_bal",
            "aws_lb_target_group.apptarget",
            "aws_vpc.main",
            "module.app.aws_subnet.public"
          ]
        }
      ]
    },
    {
      "mode": "managed",
      "type": "aws_lb_target_group",
      "name": "apptarget",
      "provider": "provider.aws",
      "instances": [
        {
          "schema_version": 0,
          "attributes": {
            "arn": "arn:aws:elasticloadbalancing:eu-west-1:135928476890:targetgroup/app-target/079871d7b6a93c31",
            "arn_suffix": "targetgroup/app-target/079871d7b6a93c31",
            "deregistration_delay": 300,
            "health_check": [
              {
                "enabled": true,
                "healthy_threshold": 3,
                "interval": 30,
                "matcher": "",
                "path": "",
                "port": "traffic-port",
                "protocol": "TCP",
                "timeout": 10,
                "unhealthy_threshold": 3
              }
            ],
            "id": "arn:aws:elasticloadbalancing:eu-west-1:135928476890:targetgroup/app-target/079871d7b6a93c31",
            "lambda_multi_value_headers_enabled": false,
            "load_balancing_algorithm_type": null,
            "name": "app-target",
            "name_prefix": null,
            "port": 80,
            "protocol": "TCP",
            "proxy_protocol_v2": false,
            "slow_start": 0,
            "stickiness": [],
            "tags": null,
            "target_type": "instance",
            "vpc_id": "vpc-0691fa058d3bf5cc4"
          },
          "private": "bnVsbA==",
          "dependencies": [
            "aws_vpc.main"
          ]
        }
      ]
    },
    {
      "module": "module.db",
      "mode": "managed",
      "type": "aws_network_acl",
      "name": "private",
      "provider": "provider.aws",
      "instances": [
        {
          "schema_version": 0,
          "attributes": {
            "arn": "arn:aws:ec2:eu-west-1:135928476890:network-acl/acl-08cff5e554585caf7",
            "egress": [
              {
                "action": "allow",
                "cidr_block": "0.0.0.0/0",
                "from_port": 1024,
                "icmp_code": null,
                "icmp_type": null,
                "ipv6_cidr_block": "",
                "protocol": "tcp",
                "rule_no": 120,
                "to_port": 65535
              },
              {
                "action": "allow",
                "cidr_block": "0.0.0.0/0",
                "from_port": 443,
                "icmp_code": null,
                "icmp_type": null,
                "ipv6_cidr_block": "",
                "protocol": "tcp",
                "rule_no": 110,
                "to_port": 443
              },
              {
                "action": "allow",
                "cidr_block": "0.0.0.0/0",
                "from_port": 80,
                "icmp_code": null,
                "icmp_type": null,
                "ipv6_cidr_block": "",
                "protocol": "tcp",
                "rule_no": 100,
                "to_port": 80
              }
            ],
            "id": "acl-08cff5e554585caf7",
            "ingress": [
              {
                "action": "allow",
                "cidr_block": "0.0.0.0/0",
                "from_port": 1024,
                "icmp_code": null,
                "icmp_type": null,
                "ipv6_cidr_block": "",
                "protocol": "tcp",
                "rule_no": 120,
                "to_port": 65535
              },
              {
                "action": "allow",
                "cidr_block": "96.0.1.0/24",
                "from_port": 27017,
                "icmp_code": null,
                "icmp_type": null,
                "ipv6_cidr_block": "",
                "protocol": "tcp",
                "rule_no": 100,
                "to_port": 27017
              }
            ],
            "owner_id": "135928476890",
            "subnet_id": null,
            "subnet_ids": [
              "subnet-092ecf9002d4685ad"
            ],
            "tags": {
              "Name": "Eng57.Ryan.S.tf.Nacl.private"
            },
            "vpc_id": "vpc-0691fa058d3bf5cc4"
          },
          "private": "bnVsbA==",
          "dependencies": [
            "aws_vpc.main",
            "module.db.aws_subnet.private"
          ]
        }
      ]
    },
    {
      "module": "module.app",
      "mode": "managed",
      "type": "aws_network_acl",
      "name": "public",
      "provider": "provider.aws",
      "instances": [
        {
          "schema_version": 0,
          "attributes": {
            "arn": "arn:aws:ec2:eu-west-1:135928476890:network-acl/acl-0bb2b9c116033299e",
            "egress": [
              {
                "action": "allow",
                "cidr_block": "0.0.0.0/0",
                "from_port": 1024,
                "icmp_code": null,
                "icmp_type": null,
                "ipv6_cidr_block": "",
                "protocol": "tcp",
                "rule_no": 120,
                "to_port": 65535
              },
              {
                "action": "allow",
                "cidr_block": "0.0.0.0/0",
                "from_port": 80,
                "icmp_code": null,
                "icmp_type": null,
                "ipv6_cidr_block": "",
                "protocol": "tcp",
                "rule_no": 100,
                "to_port": 80
              }
            ],
            "id": "acl-0bb2b9c116033299e",
            "ingress": [
              {
                "action": "allow",
                "cidr_block": "0.0.0.0/0",
                "from_port": 1024,
                "icmp_code": null,
                "icmp_type": null,
                "ipv6_cidr_block": "",
                "protocol": "tcp",
                "rule_no": 120,
                "to_port": 65535
              },
              {
                "action": "allow",
                "cidr_block": "0.0.0.0/0",
                "from_port": 80,
                "icmp_code": null,
                "icmp_type": null,
                "ipv6_cidr_block": "",
                "protocol": "tcp",
                "rule_no": 100,
                "to_port": 80
              }
            ],
            "owner_id": "135928476890",
            "subnet_id": null,
            "subnet_ids": [
              "subnet-0d2ba1e1c6d5b0c2c"
            ],
            "tags": {
              "Name": "Eng57.Ryan.S.tf.Nacl.public"
            },
            "vpc_id": "vpc-0691fa058d3bf5cc4"
          },
          "private": "bnVsbA==",
          "dependencies": [
            "aws_vpc.main",
            "module.app.aws_subnet.public"
          ]
        }
      ]
    },
    {
      "module": "module.db",
      "mode": "managed",
      "type": "aws_route_table",
      "name": "private",
      "provider": "provider.aws",
      "instances": [
        {
          "schema_version": 0,
          "attributes": {
            "id": "rtb-0bc92ddf912fde7c1",
            "owner_id": "135928476890",
            "propagating_vgws": [],
            "route": [
              {
                "cidr_block": "0.0.0.0/0",
                "egress_only_gateway_id": "",
                "gateway_id": "igw-0fcb7921cc91269d6",
                "instance_id": "",
                "ipv6_cidr_block": "",
                "nat_gateway_id": "",
                "network_interface_id": "",
                "transit_gateway_id": "",
                "vpc_peering_connection_id": ""
              }
            ],
            "tags": {
              "Name": "Eng57.Ryan.S.tf.Route.private"
            },
            "vpc_id": "vpc-0691fa058d3bf5cc4"
          },
          "private": "bnVsbA==",
          "dependencies": [
            "aws_internet_gateway.gw",
            "aws_vpc.main"
          ]
        }
      ]
    },
    {
      "module": "module.app",
      "mode": "managed",
      "type": "aws_route_table",
      "name": "public",
      "provider": "provider.aws",
      "instances": [
        {
          "schema_version": 0,
          "attributes": {
            "id": "rtb-019240c57eae10aec",
            "owner_id": "135928476890",
            "propagating_vgws": [],
            "route": [
              {
                "cidr_block": "0.0.0.0/0",
                "egress_only_gateway_id": "",
                "gateway_id": "igw-0fcb7921cc91269d6",
                "instance_id": "",
                "ipv6_cidr_block": "",
                "nat_gateway_id": "",
                "network_interface_id": "",
                "transit_gateway_id": "",
                "vpc_peering_connection_id": ""
              }
            ],
            "tags": {
              "Name": "Eng57.Ryan.S.tf.Route.public"
            },
            "vpc_id": "vpc-0691fa058d3bf5cc4"
          },
          "private": "bnVsbA==",
          "dependencies": [
            "aws_internet_gateway.gw",
            "aws_vpc.main"
          ]
        }
      ]
    },
    {
      "module": "module.app",
      "mode": "managed",
      "type": "aws_route_table_association",
      "name": "routeapp",
      "provider": "provider.aws",
      "instances": [
        {
          "schema_version": 0,
          "attributes": {
            "gateway_id": null,
            "id": "rtbassoc-030a68d0a02872212",
            "route_table_id": "rtb-019240c57eae10aec",
            "subnet_id": "subnet-0d2ba1e1c6d5b0c2c"
          },
          "private": "bnVsbA==",
          "dependencies": [
            "aws_internet_gateway.gw",
            "aws_vpc.main",
            "module.app.aws_route_table.public",
            "module.app.aws_subnet.public"
          ]
        }
      ]
    },
    {
      "module": "module.db",
      "mode": "managed",
      "type": "aws_route_table_association",
      "name": "routedb",
      "provider": "provider.aws",
      "instances": [
        {
          "schema_version": 0,
          "attributes": {
            "gateway_id": null,
            "id": "rtbassoc-01db4b8bc2a668566",
            "route_table_id": "rtb-0bc92ddf912fde7c1",
            "subnet_id": "subnet-092ecf9002d4685ad"
          },
          "private": "bnVsbA==",
          "dependencies": [
            "aws_internet_gateway.gw",
            "aws_vpc.main",
            "module.db.aws_route_table.private",
            "module.db.aws_subnet.private"
          ]
        }
      ]
    },
    {
      "module": "module.db",
      "mode": "managed",
      "type": "aws_security_group",
      "name": "db",
      "provider": "provider.aws",
      "instances": [
        {
          "schema_version": 1,
          "attributes": {
            "arn": "arn:aws:ec2:eu-west-1:135928476890:security-group/sg-09ad4d71a48a2616c",
            "description": "Allow Public Subnet In",
            "egress": [
              {
                "cidr_blocks": [
                  "0.0.0.0/0"
                ],
                "description": "",
                "from_port": 0,
                "ipv6_cidr_blocks": [],
                "prefix_list_ids": [],
                "protocol": "-1",
                "security_groups": [],
                "self": false,
                "to_port": 0
              }
            ],
            "id": "sg-09ad4d71a48a2616c",
            "ingress": [
              {
                "cidr_blocks": [
                  "0.0.0.0/0"
                ],
                "description": "HTTP IN",
                "from_port": 80,
                "ipv6_cidr_blocks": [],
                "prefix_list_ids": [],
                "protocol": "tcp",
                "security_groups": [],
                "self": false,
                "to_port": 80
              },
              {
                "cidr_blocks": [],
                "description": "Public Sub IN",
                "from_port": 27017,
                "ipv6_cidr_blocks": [],
                "prefix_list_ids": [],
                "protocol": "tcp",
                "security_groups": [
                  "sg-060d8a61a5688c6d7"
                ],
                "self": false,
                "to_port": 27017
              }
            ],
            "name": "db-security-group",
            "name_prefix": null,
            "owner_id": "135928476890",
            "revoke_rules_on_delete": false,
            "tags": {
              "Name": "Eng57.Ryan.S.tf.SecG.DB"
            },
            "timeouts": null,
            "vpc_id": "vpc-0691fa058d3bf5cc4"
          },
          "private": "eyJlMmJmYjczMC1lY2FhLTExZTYtOGY4OC0zNDM2M2JjN2M0YzAiOnsiY3JlYXRlIjo2MDAwMDAwMDAwMDAsImRlbGV0ZSI6NjAwMDAwMDAwMDAwfSwic2NoZW1hX3ZlcnNpb24iOiIxIn0=",
          "dependencies": [
            "aws_vpc.main",
            "module.app.aws_security_group.webapp"
          ]
        }
      ]
    },
    {
      "module": "module.app",
      "mode": "managed",
      "type": "aws_security_group",
      "name": "webapp",
      "provider": "provider.aws",
      "instances": [
        {
          "schema_version": 1,
          "attributes": {
            "arn": "arn:aws:ec2:eu-west-1:135928476890:security-group/sg-060d8a61a5688c6d7",
            "description": "Allow HTTP and HTTPS Traffic In",
            "egress": [
              {
                "cidr_blocks": [
                  "0.0.0.0/0"
                ],
                "description": "",
                "from_port": 0,
                "ipv6_cidr_blocks": [],
                "prefix_list_ids": [],
                "protocol": "-1",
                "security_groups": [],
                "self": false,
                "to_port": 0
              }
            ],
            "id": "sg-060d8a61a5688c6d7",
            "ingress": [
              {
                "cidr_blocks": [
                  "0.0.0.0/0"
                ],
                "description": "HTTP IN",
                "from_port": 80,
                "ipv6_cidr_blocks": [],
                "prefix_list_ids": [],
                "protocol": "tcp",
                "security_groups": [],
                "self": false,
                "to_port": 80
              },
              {
                "cidr_blocks": [
                  "0.0.0.0/0"
                ],
                "description": "HTTPS IN",
                "from_port": 443,
                "ipv6_cidr_blocks": [],
                "prefix_list_ids": [],
                "protocol": "tcp",
                "security_groups": [],
                "self": false,
                "to_port": 443
              }
            ],
            "name": "app-security-group",
            "name_prefix": null,
            "owner_id": "135928476890",
            "revoke_rules_on_delete": false,
            "tags": {
              "Name": "Eng57.Ryan.S.tf.SecG.Webapp"
            },
            "timeouts": null,
            "vpc_id": "vpc-0691fa058d3bf5cc4"
          },
          "private": "eyJlMmJmYjczMC1lY2FhLTExZTYtOGY4OC0zNDM2M2JjN2M0YzAiOnsiY3JlYXRlIjo2MDAwMDAwMDAwMDAsImRlbGV0ZSI6NjAwMDAwMDAwMDAwfSwic2NoZW1hX3ZlcnNpb24iOiIxIn0=",
          "dependencies": [
            "aws_vpc.main"
          ]
        }
      ]
    },
    {
      "module": "module.db",
      "mode": "managed",
      "type": "aws_subnet",
      "name": "private",
      "provider": "provider.aws",
      "instances": [
        {
          "schema_version": 1,
          "attributes": {
            "arn": "arn:aws:ec2:eu-west-1:135928476890:subnet/subnet-092ecf9002d4685ad",
            "assign_ipv6_address_on_creation": false,
            "availability_zone": "eu-west-1a",
            "availability_zone_id": "euw1-az3",
            "cidr_block": "96.0.2.0/24",
            "id": "subnet-092ecf9002d4685ad",
            "ipv6_cidr_block": "",
            "ipv6_cidr_block_association_id": "",
            "map_public_ip_on_launch": true,
            "outpost_arn": "",
            "owner_id": "135928476890",
            "tags": {
              "Name": "Eng57.Ryan.S.tf.sub.private"
            },
            "timeouts": null,
            "vpc_id": "vpc-0691fa058d3bf5cc4"
          },
          "private": "eyJlMmJmYjczMC1lY2FhLTExZTYtOGY4OC0zNDM2M2JjN2M0YzAiOnsiY3JlYXRlIjo2MDAwMDAwMDAwMDAsImRlbGV0ZSI6MTIwMDAwMDAwMDAwMH0sInNjaGVtYV92ZXJzaW9uIjoiMSJ9",
          "dependencies": [
            "aws_vpc.main"
          ]
        }
      ]
    },
    {
      "module": "module.app",
      "mode": "managed",
      "type": "aws_subnet",
      "name": "public",
      "provider": "provider.aws",
      "instances": [
        {
          "schema_version": 1,
          "attributes": {
            "arn": "arn:aws:ec2:eu-west-1:135928476890:subnet/subnet-0d2ba1e1c6d5b0c2c",
            "assign_ipv6_address_on_creation": false,
            "availability_zone": "eu-west-1a",
            "availability_zone_id": "euw1-az3",
            "cidr_block": "96.0.1.0/24",
            "id": "subnet-0d2ba1e1c6d5b0c2c",
            "ipv6_cidr_block": "",
            "ipv6_cidr_block_association_id": "",
            "map_public_ip_on_launch": true,
            "outpost_arn": "",
            "owner_id": "135928476890",
            "tags": {
              "Name": "Eng57.Ryan.S.tf.sub.public"
            },
            "timeouts": null,
            "vpc_id": "vpc-0691fa058d3bf5cc4"
          },
          "private": "eyJlMmJmYjczMC1lY2FhLTExZTYtOGY4OC0zNDM2M2JjN2M0YzAiOnsiY3JlYXRlIjo2MDAwMDAwMDAwMDAsImRlbGV0ZSI6MTIwMDAwMDAwMDAwMH0sInNjaGVtYV92ZXJzaW9uIjoiMSJ9",
          "dependencies": [
            "aws_vpc.main"
          ]
        }
      ]
    },
    {
      "mode": "managed",
      "type": "aws_vpc",
      "name": "main",
      "provider": "provider.aws",
      "instances": [
        {
          "schema_version": 1,
          "attributes": {
            "arn": "arn:aws:ec2:eu-west-1:135928476890:vpc/vpc-0691fa058d3bf5cc4",
            "assign_generated_ipv6_cidr_block": false,
            "cidr_block": "96.0.0.0/16",
            "default_network_acl_id": "acl-0ef0c346d752a6271",
            "default_route_table_id": "rtb-0fae6eec1317eb7a8",
            "default_security_group_id": "sg-038cb83e264ed3dc5",
            "dhcp_options_id": "dopt-18d5d77d",
            "enable_classiclink": false,
            "enable_classiclink_dns_support": false,
            "enable_dns_hostnames": false,
            "enable_dns_support": true,
            "id": "vpc-0691fa058d3bf5cc4",
            "instance_tenancy": "default",
            "ipv6_association_id": "",
            "ipv6_cidr_block": "",
            "main_route_table_id": "rtb-0fae6eec1317eb7a8",
            "owner_id": "135928476890",
            "tags": {
              "Name": "Eng57.Ryan.S.tf.VPC.Main"
            }
          },
          "private": "eyJzY2hlbWFfdmVyc2lvbiI6IjEifQ=="
        }
      ]
    }
  ]
}
